9fans.net/go v0.0.0-20150709035532-65b8cf069318 h1:4UUc7iNL+A0hANTm+yo77gEMPecjhWYTepbDJUVY6Sg=
9fans.net/go v0.0.0-20150709035532-65b8cf069318/go.mod h1:diCsxrliIURU9xsYtjCp5AbpQKqdhKmf0ujWDUSkfoY=
golang.org/x/tools v0.0.0-20181121193951-91f80e683c10 h1:6aZMfwu0xab6imbp0uu++D3WXR+p0+RDYOqqb0uY8KU=
golang.org/x/tools v0.0.0-20181121193951-91f80e683c10/go.mod h1:n7NCudcB/nEzxVGmLbDWY5pfWTLqBcC2KZ6jyYvM4mQ=
